
Microsoft Visual Studio Solution File, Format Version 12.00
# Visual Studio 14
VisualStudioVersion = 14.0.24720.0
MinimumVisualStudioVersion = 10.0.40219.1
Project("{FAE04EC0-301F-11D3-BF4B-00C04F79EFBC}") = "CSInter", "CSInter\CSInter.csproj", "{551DEDBD-6242-49A8-86CE-283CA83F6247}"
EndProject
Project("{FAE04EC0-301F-11D3-BF4B-00C04F79EFBC}") = "Amazon", "Amazon\Amazon.csproj", "{C054B86D-FACE-4202-A706-ED957CFA4612}"
EndProject
Project("{FAE04EC0-301F-11D3-BF4B-00C04F79EFBC}") = "CSInter.UnitTests", "CSInter.UnitTests\CSInter.UnitTests.csproj", "{412F5400-AB1D-4032-8C62-FFCB3A36648E}"
EndProject
Global
	GlobalSection(SolutionConfigurationPlatforms) = preSolution
		Debug|Any CPU = Debug|Any CPU
		Release|Any CPU = Release|Any CPU
	EndGlobalSection
	GlobalSection(ProjectConfigurationPlatforms) = postSolution
		{551DEDBD-6242-49A8-86CE-283CA83F6247}.Debug|Any CPU.ActiveCfg = Debug|Any CPU
		{551DEDBD-6242-49A8-86CE-283CA83F6247}.Debug|Any CPU.Build.0 = Debug|Any CPU
		{551DEDBD-6242-49A8-86CE-283CA83F6247}.Release|Any CPU.ActiveCfg = Release|Any CPU
		{551DEDBD-6242-49A8-86CE-283CA83F6247}.Release|Any CPU.Build.0 = Release|Any CPU
		{C054B86D-FACE-4202-A706-ED957CFA4612}.Debug|Any CPU.ActiveCfg = Debug|Any CPU
		{C054B86D-FACE-4202-A706-ED957CFA4612}.Debug|Any CPU.Build.0 = Debug|Any CPU
		{C054B86D-FACE-4202-A706-ED957CFA4612}.Release|Any CPU.ActiveCfg = Release|Any CPU
		{C054B86D-FACE-4202-A706-ED957CFA4612}.Release|Any CPU.Build.0 = Release|Any CPU
		{412F5400-AB1D-4032-8C62-FFCB3A36648E}.Debug|Any CPU.ActiveCfg = Debug|Any CPU
		{412F5400-AB1D-4032-8C62-FFCB3A36648E}.Debug|Any CPU.Build.0 = Debug|Any CPU
		{412F5400-AB1D-4032-8C62-FFCB3A36648E}.Release|Any CPU.ActiveCfg = Release|Any CPU
		{412F5400-AB1D-4032-8C62-FFCB3A36648E}.Release|Any CPU.Build.0 = Release|Any CPU
	EndGlobalSection
	GlobalSection(SolutionProperties) = preSolution
		HideSolutionNode = FALSE
	EndGlobalSection
EndGlobal
